// !$*UTF8*$!
{
	archiveVersion = 1;
	classes = {
	};
	objectVersion = 46;
	objects = {

/* Begin PBXBuildFile section */
		000613761BB2FCE600E818B7 /* Extensions.m in Sources */ = {isa = PBXBuildFile; fileRef = 000613751BB2FCE600E818B7 /* Extensions.m */; settings = {ASSET_TAGS = (); }; };
		0006EC061BC0B79200B020C5 /* ImagesViewController.m in Sources */ = {isa = PBXBuildFile; fileRef = 0006EC051BC0B79200B020C5 /* ImagesViewController.m */; settings = {ASSET_TAGS = (); }; };
		0006EC091BC0BFAF00B020C5 /* ImageCell.m in Sources */ = {isa = PBXBuildFile; fileRef = 0006EC081BC0BFAF00B020C5 /* ImageCell.m */; settings = {ASSET_TAGS = (); }; };
		000B02751BB36A2D00737578 /* TemplateTabBarController.m in Sources */ = {isa = PBXBuildFile; fileRef = 000B02741BB36A2D00737578 /* TemplateTabBarController.m */; settings = {ASSET_TAGS = (); }; };
		006CED461BC5EEBE004F484D /* UserJsonResponse.m in Sources */ = {isa = PBXBuildFile; fileRef = 006CED451BC5EEBE004F484D /* UserJsonResponse.m */; settings = {ASSET_TAGS = (); }; };
		0073C4801BD5E3A700760638 /* BlobJsonRequest.m in Sources */ = {isa = PBXBuildFile; fileRef = 0073C47F1BD5E3A700760638 /* BlobJsonRequest.m */; settings = {ASSET_TAGS = (); }; };
		0073C4831BD5E66B00760638 /* BlobJsonResponse.m in Sources */ = {isa = PBXBuildFile; fileRef = 0073C4821BD5E66B00760638 /* BlobJsonResponse.m */; settings = {ASSET_TAGS = (); }; };
		0073C4861BD5E7AF00760638 /* TreeJsonRequest.m in Sources */ = {isa = PBXBuildFile; fileRef = 0073C4851BD5E7AF00760638 /* TreeJsonRequest.m */; settings = {ASSET_TAGS = (); }; };
		0073C4891BD6A1F300760638 /* TreeJsonResponse.m in Sources */ = {isa = PBXBuildFile; fileRef = 0073C4881BD6A1F300760638 /* TreeJsonResponse.m */; settings = {ASSET_TAGS = (); }; };
		0073C48C1BD6A27B00760638 /* CommitTreeJsonRequest.m in Sources */ = {isa = PBXBuildFile; fileRef = 0073C48B1BD6A27B00760638 /* CommitTreeJsonRequest.m */; settings = {ASSET_TAGS = (); }; };
		0073C48F1BD6A3C300760638 /* CommitTreeJsonResponse.m in Sources */ = {isa = PBXBuildFile; fileRef = 0073C48E1BD6A3C300760638 /* CommitTreeJsonResponse.m */; settings = {ASSET_TAGS = (); }; };
		0073C4921BD6A45E00760638 /* RefJsonRequest.m in Sources */ = {isa = PBXBuildFile; fileRef = 0073C4911BD6A45E00760638 /* RefJsonRequest.m */; settings = {ASSET_TAGS = (); }; };
		0073C4951BD6B44800760638 /* GitHubDataApiWrapper.m in Sources */ = {isa = PBXBuildFile; fileRef = 0073C4941BD6B44800760638 /* GitHubDataApiWrapper.m */; settings = {ASSET_TAGS = (); }; };
		0073C4991BD861E400760638 /* GitHubTree.m in Sources */ = {isa = PBXBuildFile; fileRef = 0073C4981BD861E400760638 /* GitHubTree.m */; settings = {ASSET_TAGS = (); }; };
		0073C49F1BDB38A700760638 /* GitHubRepo.m in Sources */ = {isa = PBXBuildFile; fileRef = 0073C49E1BDB38A700760638 /* GitHubRepo.m */; settings = {ASSET_TAGS = (); }; };
		0073C4A21BDB3A3800760638 /* GitHubRepoApiWrapper.m in Sources */ = {isa = PBXBuildFile; fileRef = 0073C4A11BDB3A3800760638 /* GitHubRepoApiWrapper.m */; settings = {ASSET_TAGS = (); }; };
		007D48001BC2F4BA0057B5D1 /* RepoJsonResponse.m in Sources */ = {isa = PBXBuildFile; fileRef = 007D47FF1BC2F4BA0057B5D1 /* RepoJsonResponse.m */; settings = {ASSET_TAGS = (); }; };
		007D48031BC2F90A0057B5D1 /* ReposViewController.m in Sources */ = {isa = PBXBuildFile; fileRef = 007D48021BC2F90A0057B5D1 /* ReposViewController.m */; settings = {ASSET_TAGS = (); }; };
		007D48061BC2FAA30057B5D1 /* RepoCell.m in Sources */ = {isa = PBXBuildFile; fileRef = 007D48051BC2FAA30057B5D1 /* RepoCell.m */; settings = {ASSET_TAGS = (); }; };
		008035021BB7141C00EB91C6 /* SegmentedControl.m in Sources */ = {isa = PBXBuildFile; fileRef = 008035011BB7141C00EB91C6 /* SegmentedControl.m */; settings = {ASSET_TAGS = (); }; };
		00D353421BDBD63700EA97E7 /* UserReposJsonRequest.m in Sources */ = {isa = PBXBuildFile; fileRef = 00D353411BDBD63700EA97E7 /* UserReposJsonRequest.m */; settings = {ASSET_TAGS = (); }; };
		00D353451BDBF43D00EA97E7 /* RepoJsonRequest.m in Sources */ = {isa = PBXBuildFile; fileRef = 00D353441BDBF43D00EA97E7 /* RepoJsonRequest.m */; settings = {ASSET_TAGS = (); }; };
		00D353481BDC5C8600EA97E7 /* GitHubOAuthApiWrapper.m in Sources */ = {isa = PBXBuildFile; fileRef = 00D353471BDC5C8600EA97E7 /* GitHubOAuthApiWrapper.m */; settings = {ASSET_TAGS = (); }; };
		00D3534B1BDC5D8200EA97E7 /* OAuthJsonRequest.m in Sources */ = {isa = PBXBuildFile; fileRef = 00D3534A1BDC5D8200EA97E7 /* OAuthJsonRequest.m */; settings = {ASSET_TAGS = (); }; };
		00D3534E1BDC5D9400EA97E7 /* OAuthJsonResponse.m in Sources */ = {isa = PBXBuildFile; fileRef = 00D3534D1BDC5D9400EA97E7 /* OAuthJsonResponse.m */; settings = {ASSET_TAGS = (); }; };
		00D353521BDC65FF00EA97E7 /* GitHubAccessToken.m in Sources */ = {isa = PBXBuildFile; fileRef = 00D353511BDC65FF00EA97E7 /* GitHubAccessToken.m */; settings = {ASSET_TAGS = (); }; };
		00D353551BDE88E500EA97E7 /* GitHubUserApiWrapper.m in Sources */ = {isa = PBXBuildFile; fileRef = 00D353541BDE88E500EA97E7 /* GitHubUserApiWrapper.m */; settings = {ASSET_TAGS = (); }; };
		00D353581BDEA57900EA97E7 /* GitHubUser.m in Sources */ = {isa = PBXBuildFile; fileRef = 00D353571BDEA57900EA97E7 /* GitHubUser.m */; settings = {ASSET_TAGS = (); }; };
		00D3535C1BDEBC9500EA97E7 /* FileJsonResponse.m in Sources */ = {isa = PBXBuildFile; fileRef = 00D3535B1BDEBC9500EA97E7 /* FileJsonResponse.m */; settings = {ASSET_TAGS = (); }; };
		00E928981BB1A07200383BD0 /* HtmlTemplate.m in Sources */ = {isa = PBXBuildFile; fileRef = 00E928971BB1A07200383BD0 /* HtmlTemplate.m */; settings = {ASSET_TAGS = (); }; };
		00E9289B1BB1A8BE00383BD0 /* JsonService.m in Sources */ = {isa = PBXBuildFile; fileRef = 00E9289A1BB1A8BE00383BD0 /* JsonService.m */; settings = {ASSET_TAGS = (); }; };
		00E9289E1BB1A9BA00383BD0 /* Feature.m in Sources */ = {isa = PBXBuildFile; fileRef = 00E9289D1BB1A9BA00383BD0 /* Feature.m */; settings = {ASSET_TAGS = (); }; };
		00E928A41BB1AB0100383BD0 /* TemplateInput.m in Sources */ = {isa = PBXBuildFile; fileRef = 00E928A31BB1AB0100383BD0 /* TemplateInput.m */; settings = {ASSET_TAGS = (); }; };
		00E928A71BB1AEA200383BD0 /* Sample.json in Resources */ = {isa = PBXBuildFile; fileRef = 00E928A61BB1AEA200383BD0 /* Sample.json */; settings = {ASSET_TAGS = (); }; };
		00E928AC1BB1EC0F00383BD0 /* EditViewController.m in Sources */ = {isa = PBXBuildFile; fileRef = 00E928AB1BB1EC0F00383BD0 /* EditViewController.m */; settings = {ASSET_TAGS = (); }; };
		00EA772E1BBC8A3600A70B8A /* RefJsonResponse.m in Sources */ = {isa = PBXBuildFile; fileRef = 00EA772D1BBC8A3600A70B8A /* RefJsonResponse.m */; settings = {ASSET_TAGS = (); }; };
		00EA77341BBC9FF700A70B8A /* FileJsonRequest.m in Sources */ = {isa = PBXBuildFile; fileRef = 00EA77331BBC9FF700A70B8A /* FileJsonRequest.m */; settings = {ASSET_TAGS = (); }; };
		221BCA1E1BB46B100057A272 /* FileEncodingService.m in Sources */ = {isa = PBXBuildFile; fileRef = 221BCA1D1BB46B100057A272 /* FileEncodingService.m */; settings = {ASSET_TAGS = (); }; };
		221BCA221BB472D70057A272 /* testimage.jpg in Resources */ = {isa = PBXBuildFile; fileRef = 221BCA211BB472D70057A272 /* testimage.jpg */; settings = {ASSET_TAGS = (); }; };
		221BCA2A1BB4B9460057A272 /* FileInfo.m in Sources */ = {isa = PBXBuildFile; fileRef = 221BCA291BB4B9460057A272 /* FileInfo.m */; settings = {ASSET_TAGS = (); }; };
		227C86771BB0774800799CD3 /* Oauth.storyboard in Resources */ = {isa = PBXBuildFile; fileRef = 227C86761BB0774800799CD3 /* Oauth.storyboard */; settings = {ASSET_TAGS = (); }; };
		227C867C1BB077D400799CD3 /* OauthViewController.m in Sources */ = {isa = PBXBuildFile; fileRef = 227C867B1BB077D400799CD3 /* OauthViewController.m */; settings = {ASSET_TAGS = (); }; };
		227C86831BB0876900799CD3 /* Constants.m in Sources */ = {isa = PBXBuildFile; fileRef = 227C86821BB0876900799CD3 /* Constants.m */; settings = {ASSET_TAGS = (); }; };
		22B07C861BB45D5D00ADB5EF /* Keys.m in Sources */ = {isa = PBXBuildFile; fileRef = 22B07C851BB45D5D00ADB5EF /* Keys.m */; settings = {ASSET_TAGS = (); }; };
		22EFFDE01BADC11800E28ACB /* main.m in Sources */ = {isa = PBXBuildFile; fileRef = 22EFFDDF1BADC11800E28ACB /* main.m */; };
		22EFFDE31BADC11800E28ACB /* AppDelegate.m in Sources */ = {isa = PBXBuildFile; fileRef = 22EFFDE21BADC11800E28ACB /* AppDelegate.m */; };
		22EFFDE91BADC11800E28ACB /* Main.storyboard in Resources */ = {isa = PBXBuildFile; fileRef = 22EFFDE71BADC11800E28ACB /* Main.storyboard */; };
		22EFFDEB1BADC11800E28ACB /* Assets.xcassets in Resources */ = {isa = PBXBuildFile; fileRef = 22EFFDEA1BADC11800E28ACB /* Assets.xcassets */; };
		22EFFDEE1BADC11800E28ACB /* LaunchScreen.storyboard in Resources */ = {isa = PBXBuildFile; fileRef = 22EFFDEC1BADC11800E28ACB /* LaunchScreen.storyboard */; };
		22EFFDF91BADC11800E28ACB /* InstasiteTests.m in Sources */ = {isa = PBXBuildFile; fileRef = 22EFFDF81BADC11800E28ACB /* InstasiteTests.m */; };
		22EFFE041BADC11800E28ACB /* InstasiteUITests.m in Sources */ = {isa = PBXBuildFile; fileRef = 22EFFE031BADC11800E28ACB /* InstasiteUITests.m */; };
		6B05A0041BB3271A002627BA /* MainViewController.m in Sources */ = {isa = PBXBuildFile; fileRef = 6B05A0031BB3271A002627BA /* MainViewController.m */; settings = {ASSET_TAGS = (); }; };
		6B05A0071BB32765002627BA /* DisplayTemplateViewController.m in Sources */ = {isa = PBXBuildFile; fileRef = 6B05A0061BB32765002627BA /* DisplayTemplateViewController.m */; settings = {ASSET_TAGS = (); }; };
		6B05A00E1BB32AF2002627BA /* startbootstrap-agency-1.0-2.4 in Resources */ = {isa = PBXBuildFile; fileRef = 6B05A0091BB32AF2002627BA /* startbootstrap-agency-1.0-2.4 */; settings = {ASSET_TAGS = (); }; };
		6B05A00F1BB32AF2002627BA /* startbootstrap-clean-blog-1.0.3 in Resources */ = {isa = PBXBuildFile; fileRef = 6B05A00A1BB32AF2002627BA /* startbootstrap-clean-blog-1.0.3 */; settings = {ASSET_TAGS = (); }; };
		6B05A0101BB32AF2002627BA /* startbootstrap-creative-1.0.1 in Resources */ = {isa = PBXBuildFile; fileRef = 6B05A00B1BB32AF2002627BA /* startbootstrap-creative-1.0.1 */; settings = {ASSET_TAGS = (); }; };
		6B05A0111BB32AF2002627BA /* startbootstrap-freelancer-1.0.3 in Resources */ = {isa = PBXBuildFile; fileRef = 6B05A00C1BB32AF2002627BA /* startbootstrap-freelancer-1.0.3 */; settings = {ASSET_TAGS = (); }; };
		6B05A0121BB32AF2002627BA /* startbootstrap-one-page-wonder-1.0.3 in Resources */ = {isa = PBXBuildFile; fileRef = 6B05A00D1BB32AF2002627BA /* startbootstrap-one-page-wonder-1.0.3 */; settings = {ASSET_TAGS = (); }; };
		6B05A0181BB32C70002627BA /* agency.png in Resources */ = {isa = PBXBuildFile; fileRef = 6B05A0131BB32C70002627BA /* agency.png */; settings = {ASSET_TAGS = (); }; };
		6B05A0191BB32C70002627BA /* clean-blog.png in Resources */ = {isa = PBXBuildFile; fileRef = 6B05A0141BB32C70002627BA /* clean-blog.png */; settings = {ASSET_TAGS = (); }; };
		6B05A01A1BB32C70002627BA /* creative.png in Resources */ = {isa = PBXBuildFile; fileRef = 6B05A0151BB32C70002627BA /* creative.png */; settings = {ASSET_TAGS = (); }; };
		6B05A01B1BB32C70002627BA /* freelancer.png in Resources */ = {isa = PBXBuildFile; fileRef = 6B05A0161BB32C70002627BA /* freelancer.png */; settings = {ASSET_TAGS = (); }; };
		6B05A01C1BB32C70002627BA /* one-page-wonder.png in Resources */ = {isa = PBXBuildFile; fileRef = 6B05A0171BB32C70002627BA /* one-page-wonder.png */; settings = {ASSET_TAGS = (); }; };
		6B05A02E1BB4A0B5002627BA /* FileService.m in Sources */ = {isa = PBXBuildFile; fileRef = 6B05A02D1BB4A0B5002627BA /* FileService.m */; settings = {ASSET_TAGS = (); }; };
		6C0E6E331BB1F16F000C7971 /* PublishViewController.m in Sources */ = {isa = PBXBuildFile; fileRef = 6C0E6E321BB1F16F000C7971 /* PublishViewController.m */; settings = {ASSET_TAGS = (); }; };
		A3B14F545D372A79A9897B4B /* libPods-Instasite.a in Frameworks */ = {isa = PBXBuildFile; fileRef = C094285F042763CE3DF8F210 /* libPods-Instasite.a */; };
/* End PBXBuildFile section */

/* Begin PBXContainerItemProxy section */
		22EFFDF51BADC11800E28ACB /* PBXContainerItemProxy */ = {
			isa = PBXContainerItemProxy;
			containerPortal = 22EFFDD31BADC11800E28ACB /* Project object */;
			proxyType = 1;
			remoteGlobalIDString = 22EFFDDA1BADC11800E28ACB;
			remoteInfo = Instasite;
		};
		22EFFE001BADC11800E28ACB /* PBXContainerItemProxy */ = {
			isa = PBXContainerItemProxy;
			containerPortal = 22EFFDD31BADC11800E28ACB /* Project object */;
			proxyType = 1;
			remoteGlobalIDString = 22EFFDDA1BADC11800E28ACB;
			remoteInfo = Instasite;
		};
/* End PBXContainerItemProxy section */

/* Begin PBXFileReference section */
		000613741BB2FCE600E818B7 /* Extensions.h */ = {isa = PBXFileReference; fileEncoding = 4; lastKnownFileType = sourcecode.c.h; path = Extensions.h; sourceTree = "<group>"; };
		000613751BB2FCE600E818B7 /* Extensions.m */ = {isa = PBXFileReference; fileEncoding = 4; lastKnownFileType = sourcecode.c.objc; path = Extensions.m; sourceTree = "<group>"; };
		0006EC041BC0B79200B020C5 /* ImagesViewController.h */ = {isa = PBXFileReference; fileEncoding = 4; lastKnownFileType = sourcecode.c.h; path = ImagesViewController.h; sourceTree = "<group>"; };
		0006EC051BC0B79200B020C5 /* ImagesViewController.m */ = {isa = PBXFileReference; fileEncoding = 4; lastKnownFileType = sourcecode.c.objc; path = ImagesViewController.m; sourceTree = "<group>"; };
		0006EC071BC0BFAF00B020C5 /* ImageCell.h */ = {isa = PBXFileReference; fileEncoding = 4; lastKnownFileType = sourcecode.c.h; path = ImageCell.h; sourceTree = "<group>"; };
		0006EC081BC0BFAF00B020C5 /* ImageCell.m */ = {isa = PBXFileReference; fileEncoding = 4; lastKnownFileType = sourcecode.c.objc; path = ImageCell.m; sourceTree = "<group>"; };
		000B02731BB36A2D00737578 /* TemplateTabBarController.h */ = {isa = PBXFileReference; fileEncoding = 4; lastKnownFileType = sourcecode.c.h; lineEnding = 0; path = TemplateTabBarController.h; sourceTree = "<group>"; xcLanguageSpecificationIdentifier = xcode.lang.objcpp; };
		000B02741BB36A2D00737578 /* TemplateTabBarController.m */ = {isa = PBXFileReference; fileEncoding = 4; lastKnownFileType = sourcecode.c.objc; lineEnding = 0; path = TemplateTabBarController.m; sourceTree = "<group>"; xcLanguageSpecificationIdentifier = xcode.lang.objc; };
		006CED441BC5EEBE004F484D /* UserJsonResponse.h */ = {isa = PBXFileReference; fileEncoding = 4; lastKnownFileType = sourcecode.c.h; lineEnding = 0; path = UserJsonResponse.h; sourceTree = "<group>"; xcLanguageSpecificationIdentifier = xcode.lang.objcpp; };
		006CED451BC5EEBE004F484D /* UserJsonResponse.m */ = {isa = PBXFileReference; fileEncoding = 4; lastKnownFileType = sourcecode.c.objc; lineEnding = 0; path = UserJsonResponse.m; sourceTree = "<group>"; xcLanguageSpecificationIdentifier = xcode.lang.objc; };
		0073C47E1BD5E3A700760638 /* BlobJsonRequest.h */ = {isa = PBXFileReference; fileEncoding = 4; lastKnownFileType = sourcecode.c.h; path = BlobJsonRequest.h; sourceTree = "<group>"; };
		0073C47F1BD5E3A700760638 /* BlobJsonRequest.m */ = {isa = PBXFileReference; fileEncoding = 4; lastKnownFileType = sourcecode.c.objc; path = BlobJsonRequest.m; sourceTree = "<group>"; };
		0073C4811BD5E66B00760638 /* BlobJsonResponse.h */ = {isa = PBXFileReference; fileEncoding = 4; lastKnownFileType = sourcecode.c.h; path = BlobJsonResponse.h; sourceTree = "<group>"; };
		0073C4821BD5E66B00760638 /* BlobJsonResponse.m */ = {isa = PBXFileReference; fileEncoding = 4; lastKnownFileType = sourcecode.c.objc; path = BlobJsonResponse.m; sourceTree = "<group>"; };
		0073C4841BD5E7AF00760638 /* TreeJsonRequest.h */ = {isa = PBXFileReference; fileEncoding = 4; lastKnownFileType = sourcecode.c.h; lineEnding = 0; path = TreeJsonRequest.h; sourceTree = "<group>"; xcLanguageSpecificationIdentifier = xcode.lang.objcpp; };
		0073C4851BD5E7AF00760638 /* TreeJsonRequest.m */ = {isa = PBXFileReference; fileEncoding = 4; lastKnownFileType = sourcecode.c.objc; lineEnding = 0; path = TreeJsonRequest.m; sourceTree = "<group>"; xcLanguageSpecificationIdentifier = xcode.lang.objc; };
		0073C4871BD6A1F300760638 /* TreeJsonResponse.h */ = {isa = PBXFileReference; fileEncoding = 4; lastKnownFileType = sourcecode.c.h; path = TreeJsonResponse.h; sourceTree = "<group>"; };
		0073C4881BD6A1F300760638 /* TreeJsonResponse.m */ = {isa = PBXFileReference; fileEncoding = 4; lastKnownFileType = sourcecode.c.objc; path = TreeJsonResponse.m; sourceTree = "<group>"; };
		0073C48A1BD6A27B00760638 /* CommitTreeJsonRequest.h */ = {isa = PBXFileReference; fileEncoding = 4; lastKnownFileType = sourcecode.c.h; path = CommitTreeJsonRequest.h; sourceTree = "<group>"; };
		0073C48B1BD6A27B00760638 /* CommitTreeJsonRequest.m */ = {isa = PBXFileReference; fileEncoding = 4; lastKnownFileType = sourcecode.c.objc; path = CommitTreeJsonRequest.m; sourceTree = "<group>"; };
		0073C48D1BD6A3C300760638 /* CommitTreeJsonResponse.h */ = {isa = PBXFileReference; fileEncoding = 4; lastKnownFileType = sourcecode.c.h; path = CommitTreeJsonResponse.h; sourceTree = "<group>"; };
		0073C48E1BD6A3C300760638 /* CommitTreeJsonResponse.m */ = {isa = PBXFileReference; fileEncoding = 4; lastKnownFileType = sourcecode.c.objc; path = CommitTreeJsonResponse.m; sourceTree = "<group>"; };
		0073C4901BD6A45E00760638 /* RefJsonRequest.h */ = {isa = PBXFileReference; fileEncoding = 4; lastKnownFileType = sourcecode.c.h; path = RefJsonRequest.h; sourceTree = "<group>"; };
		0073C4911BD6A45E00760638 /* RefJsonRequest.m */ = {isa = PBXFileReference; fileEncoding = 4; lastKnownFileType = sourcecode.c.objc; path = RefJsonRequest.m; sourceTree = "<group>"; };
		0073C4931BD6B44800760638 /* GitHubDataApiWrapper.h */ = {isa = PBXFileReference; fileEncoding = 4; lastKnownFileType = sourcecode.c.h; lineEnding = 0; path = GitHubDataApiWrapper.h; sourceTree = "<group>"; xcLanguageSpecificationIdentifier = xcode.lang.objcpp; };
		0073C4941BD6B44800760638 /* GitHubDataApiWrapper.m */ = {isa = PBXFileReference; fileEncoding = 4; lastKnownFileType = sourcecode.c.objc; lineEnding = 0; path = GitHubDataApiWrapper.m; sourceTree = "<group>"; xcLanguageSpecificationIdentifier = xcode.lang.objc; };
		0073C4961BD7FC2600760638 /* TypeDefsEnums.h */ = {isa = PBXFileReference; lastKnownFileType = sourcecode.c.h; lineEnding = 0; path = TypeDefsEnums.h; sourceTree = "<group>"; xcLanguageSpecificationIdentifier = xcode.lang.objcpp; };
		0073C4971BD861E400760638 /* GitHubTree.h */ = {isa = PBXFileReference; fileEncoding = 4; lastKnownFileType = sourcecode.c.h; path = GitHubTree.h; sourceTree = "<group>"; };
		0073C4981BD861E400760638 /* GitHubTree.m */ = {isa = PBXFileReference; fileEncoding = 4; lastKnownFileType = sourcecode.c.objc; lineEnding = 0; path = GitHubTree.m; sourceTree = "<group>"; xcLanguageSpecificationIdentifier = xcode.lang.objc; };
		0073C49D1BDB38A700760638 /* GitHubRepo.h */ = {isa = PBXFileReference; fileEncoding = 4; lastKnownFileType = sourcecode.c.h; path = GitHubRepo.h; sourceTree = "<group>"; };
		0073C49E1BDB38A700760638 /* GitHubRepo.m */ = {isa = PBXFileReference; fileEncoding = 4; lastKnownFileType = sourcecode.c.objc; path = GitHubRepo.m; sourceTree = "<group>"; };
		0073C4A01BDB3A3800760638 /* GitHubRepoApiWrapper.h */ = {isa = PBXFileReference; fileEncoding = 4; lastKnownFileType = sourcecode.c.h; path = GitHubRepoApiWrapper.h; sourceTree = "<group>"; };
		0073C4A11BDB3A3800760638 /* GitHubRepoApiWrapper.m */ = {isa = PBXFileReference; fileEncoding = 4; lastKnownFileType = sourcecode.c.objc; path = GitHubRepoApiWrapper.m; sourceTree = "<group>"; };
		007D47FE1BC2F4BA0057B5D1 /* RepoJsonResponse.h */ = {isa = PBXFileReference; fileEncoding = 4; lastKnownFileType = sourcecode.c.h; path = RepoJsonResponse.h; sourceTree = "<group>"; };
		007D47FF1BC2F4BA0057B5D1 /* RepoJsonResponse.m */ = {isa = PBXFileReference; fileEncoding = 4; lastKnownFileType = sourcecode.c.objc; path = RepoJsonResponse.m; sourceTree = "<group>"; };
		007D48011BC2F90A0057B5D1 /* ReposViewController.h */ = {isa = PBXFileReference; fileEncoding = 4; lastKnownFileType = sourcecode.c.h; path = ReposViewController.h; sourceTree = "<group>"; };
		007D48021BC2F90A0057B5D1 /* ReposViewController.m */ = {isa = PBXFileReference; fileEncoding = 4; lastKnownFileType = sourcecode.c.objc; path = ReposViewController.m; sourceTree = "<group>"; };
		007D48041BC2FAA30057B5D1 /* RepoCell.h */ = {isa = PBXFileReference; fileEncoding = 4; lastKnownFileType = sourcecode.c.h; path = RepoCell.h; sourceTree = "<group>"; };
		007D48051BC2FAA30057B5D1 /* RepoCell.m */ = {isa = PBXFileReference; fileEncoding = 4; lastKnownFileType = sourcecode.c.objc; path = RepoCell.m; sourceTree = "<group>"; };
		008035001BB7141C00EB91C6 /* SegmentedControl.h */ = {isa = PBXFileReference; fileEncoding = 4; lastKnownFileType = sourcecode.c.h; path = SegmentedControl.h; sourceTree = "<group>"; };
		008035011BB7141C00EB91C6 /* SegmentedControl.m */ = {isa = PBXFileReference; fileEncoding = 4; lastKnownFileType = sourcecode.c.objc; path = SegmentedControl.m; sourceTree = "<group>"; };
		00D353401BDBD63700EA97E7 /* UserReposJsonRequest.h */ = {isa = PBXFileReference; fileEncoding = 4; lastKnownFileType = sourcecode.c.h; path = UserReposJsonRequest.h; sourceTree = "<group>"; };
		00D353411BDBD63700EA97E7 /* UserReposJsonRequest.m */ = {isa = PBXFileReference; fileEncoding = 4; lastKnownFileType = sourcecode.c.objc; path = UserReposJsonRequest.m; sourceTree = "<group>"; };
		00D353431BDBF43D00EA97E7 /* RepoJsonRequest.h */ = {isa = PBXFileReference; fileEncoding = 4; lastKnownFileType = sourcecode.c.h; path = RepoJsonRequest.h; sourceTree = "<group>"; };
		00D353441BDBF43D00EA97E7 /* RepoJsonRequest.m */ = {isa = PBXFileReference; fileEncoding = 4; lastKnownFileType = sourcecode.c.objc; path = RepoJsonRequest.m; sourceTree = "<group>"; };
		00D353461BDC5C8600EA97E7 /* GitHubOAuthApiWrapper.h */ = {isa = PBXFileReference; fileEncoding = 4; lastKnownFileType = sourcecode.c.h; path = GitHubOAuthApiWrapper.h; sourceTree = "<group>"; };
		00D353471BDC5C8600EA97E7 /* GitHubOAuthApiWrapper.m */ = {isa = PBXFileReference; fileEncoding = 4; lastKnownFileType = sourcecode.c.objc; path = GitHubOAuthApiWrapper.m; sourceTree = "<group>"; };
		00D353491BDC5D8200EA97E7 /* OAuthJsonRequest.h */ = {isa = PBXFileReference; fileEncoding = 4; lastKnownFileType = sourcecode.c.h; path = OAuthJsonRequest.h; sourceTree = "<group>"; };
		00D3534A1BDC5D8200EA97E7 /* OAuthJsonRequest.m */ = {isa = PBXFileReference; fileEncoding = 4; lastKnownFileType = sourcecode.c.objc; path = OAuthJsonRequest.m; sourceTree = "<group>"; };
		00D3534C1BDC5D9400EA97E7 /* OAuthJsonResponse.h */ = {isa = PBXFileReference; fileEncoding = 4; lastKnownFileType = sourcecode.c.h; path = OAuthJsonResponse.h; sourceTree = "<group>"; };
		00D3534D1BDC5D9400EA97E7 /* OAuthJsonResponse.m */ = {isa = PBXFileReference; fileEncoding = 4; lastKnownFileType = sourcecode.c.objc; path = OAuthJsonResponse.m; sourceTree = "<group>"; };
		00D353501BDC65FF00EA97E7 /* GitHubAccessToken.h */ = {isa = PBXFileReference; fileEncoding = 4; lastKnownFileType = sourcecode.c.h; path = GitHubAccessToken.h; sourceTree = "<group>"; };
		00D353511BDC65FF00EA97E7 /* GitHubAccessToken.m */ = {isa = PBXFileReference; fileEncoding = 4; lastKnownFileType = sourcecode.c.objc; path = GitHubAccessToken.m; sourceTree = "<group>"; };
		00D353531BDE88E500EA97E7 /* GitHubUserApiWrapper.h */ = {isa = PBXFileReference; fileEncoding = 4; lastKnownFileType = sourcecode.c.h; path = GitHubUserApiWrapper.h; sourceTree = "<group>"; };
		00D353541BDE88E500EA97E7 /* GitHubUserApiWrapper.m */ = {isa = PBXFileReference; fileEncoding = 4; lastKnownFileType = sourcecode.c.objc; path = GitHubUserApiWrapper.m; sourceTree = "<group>"; };
		00D353561BDEA57900EA97E7 /* GitHubUser.h */ = {isa = PBXFileReference; fileEncoding = 4; lastKnownFileType = sourcecode.c.h; path = GitHubUser.h; sourceTree = "<group>"; };
		00D353571BDEA57900EA97E7 /* GitHubUser.m */ = {isa = PBXFileReference; fileEncoding = 4; lastKnownFileType = sourcecode.c.objc; path = GitHubUser.m; sourceTree = "<group>"; };
		00D3535A1BDEBC9500EA97E7 /* FileJsonResponse.h */ = {isa = PBXFileReference; fileEncoding = 4; lastKnownFileType = sourcecode.c.h; lineEnding = 0; path = FileJsonResponse.h; sourceTree = "<group>"; xcLanguageSpecificationIdentifier = xcode.lang.objcpp; };
		00D3535B1BDEBC9500EA97E7 /* FileJsonResponse.m */ = {isa = PBXFileReference; fileEncoding = 4; lastKnownFileType = sourcecode.c.objc; lineEnding = 0; path = FileJsonResponse.m; sourceTree = "<group>"; xcLanguageSpecificationIdentifier = xcode.lang.objc; };
		00E928961BB1A07200383BD0 /* HtmlTemplate.h */ = {isa = PBXFileReference; fileEncoding = 4; lastKnownFileType = sourcecode.c.h; path = HtmlTemplate.h; sourceTree = "<group>"; };
		00E928971BB1A07200383BD0 /* HtmlTemplate.m */ = {isa = PBXFileReference; fileEncoding = 4; lastKnownFileType = sourcecode.c.objc; path = HtmlTemplate.m; sourceTree = "<group>"; };
		00E928991BB1A8BE00383BD0 /* JsonService.h */ = {isa = PBXFileReference; fileEncoding = 4; lastKnownFileType = sourcecode.c.h; lineEnding = 0; path = JsonService.h; sourceTree = "<group>"; xcLanguageSpecificationIdentifier = xcode.lang.objcpp; };
		00E9289A1BB1A8BE00383BD0 /* JsonService.m */ = {isa = PBXFileReference; fileEncoding = 4; lastKnownFileType = sourcecode.c.objc; lineEnding = 0; path = JsonService.m; sourceTree = "<group>"; xcLanguageSpecificationIdentifier = xcode.lang.objc; };
		00E9289C1BB1A9BA00383BD0 /* Feature.h */ = {isa = PBXFileReference; fileEncoding = 4; lastKnownFileType = sourcecode.c.h; path = Feature.h; sourceTree = "<group>"; };
		00E9289D1BB1A9BA00383BD0 /* Feature.m */ = {isa = PBXFileReference; fileEncoding = 4; lastKnownFileType = sourcecode.c.objc; path = Feature.m; sourceTree = "<group>"; };
		00E928A21BB1AB0100383BD0 /* TemplateInput.h */ = {isa = PBXFileReference; fileEncoding = 4; lastKnownFileType = sourcecode.c.h; lineEnding = 0; path = TemplateInput.h; sourceTree = "<group>"; xcLanguageSpecificationIdentifier = xcode.lang.objcpp; };
		00E928A31BB1AB0100383BD0 /* TemplateInput.m */ = {isa = PBXFileReference; fileEncoding = 4; lastKnownFileType = sourcecode.c.objc; lineEnding = 0; path = TemplateInput.m; sourceTree = "<group>"; xcLanguageSpecificationIdentifier = xcode.lang.objc; };
		00E928A61BB1AEA200383BD0 /* Sample.json */ = {isa = PBXFileReference; fileEncoding = 4; lastKnownFileType = text.json; path = Sample.json; sourceTree = "<group>"; };
		00E928AA1BB1EC0F00383BD0 /* EditViewController.h */ = {isa = PBXFileReference; fileEncoding = 4; lastKnownFileType = sourcecode.c.h; lineEnding = 0; path = EditViewController.h; sourceTree = "<group>"; xcLanguageSpecificationIdentifier = xcode.lang.objcpp; };
		00E928AB1BB1EC0F00383BD0 /* EditViewController.m */ = {isa = PBXFileReference; fileEncoding = 4; lastKnownFileType = sourcecode.c.objc; lineEnding = 0; path = EditViewController.m; sourceTree = "<group>"; xcLanguageSpecificationIdentifier = xcode.lang.objc; };
		00EA772C1BBC8A3600A70B8A /* RefJsonResponse.h */ = {isa = PBXFileReference; fileEncoding = 4; lastKnownFileType = sourcecode.c.h; lineEnding = 0; path = RefJsonResponse.h; sourceTree = "<group>"; xcLanguageSpecificationIdentifier = xcode.lang.objcpp; };
		00EA772D1BBC8A3600A70B8A /* RefJsonResponse.m */ = {isa = PBXFileReference; fileEncoding = 4; lastKnownFileType = sourcecode.c.objc; path = RefJsonResponse.m; sourceTree = "<group>"; };
		00EA77321BBC9FF700A70B8A /* FileJsonRequest.h */ = {isa = PBXFileReference; fileEncoding = 4; lastKnownFileType = sourcecode.c.h; lineEnding = 0; path = FileJsonRequest.h; sourceTree = "<group>"; xcLanguageSpecificationIdentifier = xcode.lang.objcpp; };
		00EA77331BBC9FF700A70B8A /* FileJsonRequest.m */ = {isa = PBXFileReference; fileEncoding = 4; lastKnownFileType = sourcecode.c.objc; lineEnding = 0; path = FileJsonRequest.m; sourceTree = "<group>"; xcLanguageSpecificationIdentifier = xcode.lang.objc; };
		221BCA1C1BB46B100057A272 /* FileEncodingService.h */ = {isa = PBXFileReference; fileEncoding = 4; lastKnownFileType = sourcecode.c.h; path = FileEncodingService.h; sourceTree = "<group>"; };
		221BCA1D1BB46B100057A272 /* FileEncodingService.m */ = {isa = PBXFileReference; fileEncoding = 4; lastKnownFileType = sourcecode.c.objc; path = FileEncodingService.m; sourceTree = "<group>"; };
		221BCA211BB472D70057A272 /* testimage.jpg */ = {isa = PBXFileReference; lastKnownFileType = image.jpeg; path = testimage.jpg; sourceTree = "<group>"; };
		221BCA281BB4B9460057A272 /* FileInfo.h */ = {isa = PBXFileReference; fileEncoding = 4; lastKnownFileType = sourcecode.c.h; lineEnding = 0; path = FileInfo.h; sourceTree = "<group>"; xcLanguageSpecificationIdentifier = xcode.lang.objcpp; };
		221BCA291BB4B9460057A272 /* FileInfo.m */ = {isa = PBXFileReference; fileEncoding = 4; lastKnownFileType = sourcecode.c.objc; lineEnding = 0; path = FileInfo.m; sourceTree = "<group>"; xcLanguageSpecificationIdentifier = xcode.lang.objc; };
		227C86761BB0774800799CD3 /* Oauth.storyboard */ = {isa = PBXFileReference; fileEncoding = 4; lastKnownFileType = file.storyboard; path = Oauth.storyboard; sourceTree = "<group>"; };
		227C867A1BB077D400799CD3 /* OauthViewController.h */ = {isa = PBXFileReference; fileEncoding = 4; lastKnownFileType = sourcecode.c.h; path = OauthViewController.h; sourceTree = "<group>"; };
		227C867B1BB077D400799CD3 /* OauthViewController.m */ = {isa = PBXFileReference; fileEncoding = 4; lastKnownFileType = sourcecode.c.objc; path = OauthViewController.m; sourceTree = "<group>"; };
		227C86811BB0876900799CD3 /* Constants.h */ = {isa = PBXFileReference; fileEncoding = 4; lastKnownFileType = sourcecode.c.h; path = Constants.h; sourceTree = "<group>"; };
		227C86821BB0876900799CD3 /* Constants.m */ = {isa = PBXFileReference; fileEncoding = 4; lastKnownFileType = sourcecode.c.objc; path = Constants.m; sourceTree = "<group>"; };
		22B07C841BB45D5D00ADB5EF /* Keys.h */ = {isa = PBXFileReference; fileEncoding = 4; lastKnownFileType = sourcecode.c.h; path = Keys.h; sourceTree = "<group>"; };
		22B07C851BB45D5D00ADB5EF /* Keys.m */ = {isa = PBXFileReference; fileEncoding = 4; lastKnownFileType = sourcecode.c.objc; path = Keys.m; sourceTree = "<group>"; };
		22EFFDDB1BADC11800E28ACB /* Instasite.app */ = {isa = PBXFileReference; explicitFileType = wrapper.application; includeInIndex = 0; path = Instasite.app; sourceTree = BUILT_PRODUCTS_DIR; };
		22EFFDDF1BADC11800E28ACB /* main.m */ = {isa = PBXFileReference; lastKnownFileType = sourcecode.c.objc; path = main.m; sourceTree = "<group>"; };
		22EFFDE11BADC11800E28ACB /* AppDelegate.h */ = {isa = PBXFileReference; lastKnownFileType = sourcecode.c.h; path = AppDelegate.h; sourceTree = "<group>"; };
		22EFFDE21BADC11800E28ACB /* AppDelegate.m */ = {isa = PBXFileReference; lastKnownFileType = sourcecode.c.objc; path = AppDelegate.m; sourceTree = "<group>"; };
		22EFFDE81BADC11800E28ACB /* Base */ = {isa = PBXFileReference; lastKnownFileType = file.storyboard; name = Base; path = Base.lproj/Main.storyboard; sourceTree = "<group>"; };
		22EFFDEA1BADC11800E28ACB /* Assets.xcassets */ = {isa = PBXFileReference; lastKnownFileType = folder.assetcatalog; path = Assets.xcassets; sourceTree = "<group>"; };
		22EFFDED1BADC11800E28ACB /* Base */ = {isa = PBXFileReference; lastKnownFileType = file.storyboard; name = Base; path = Base.lproj/LaunchScreen.storyboard; sourceTree = "<group>"; };
		22EFFDEF1BADC11800E28ACB /* Info.plist */ = {isa = PBXFileReference; lastKnownFileType = text.plist.xml; path = Info.plist; sourceTree = "<group>"; };
		22EFFDF41BADC11800E28ACB /* InstasiteTests.xctest */ = {isa = PBXFileReference; explicitFileType = wrapper.cfbundle; includeInIndex = 0; path = InstasiteTests.xctest; sourceTree = BUILT_PRODUCTS_DIR; };
		22EFFDF81BADC11800E28ACB /* InstasiteTests.m */ = {isa = PBXFileReference; lastKnownFileType = sourcecode.c.objc; path = InstasiteTests.m; sourceTree = "<group>"; };
		22EFFDFA1BADC11800E28ACB /* Info.plist */ = {isa = PBXFileReference; lastKnownFileType = text.plist.xml; path = Info.plist; sourceTree = "<group>"; };
		22EFFDFF1BADC11800E28ACB /* InstasiteUITests.xctest */ = {isa = PBXFileReference; explicitFileType = wrapper.cfbundle; includeInIndex = 0; path = InstasiteUITests.xctest; sourceTree = BUILT_PRODUCTS_DIR; };
		22EFFE031BADC11800E28ACB /* InstasiteUITests.m */ = {isa = PBXFileReference; lastKnownFileType = sourcecode.c.objc; path = InstasiteUITests.m; sourceTree = "<group>"; };
		22EFFE051BADC11800E28ACB /* Info.plist */ = {isa = PBXFileReference; lastKnownFileType = text.plist.xml; path = Info.plist; sourceTree = "<group>"; };
		6B05A0021BB3271A002627BA /* MainViewController.h */ = {isa = PBXFileReference; fileEncoding = 4; lastKnownFileType = sourcecode.c.h; path = MainViewController.h; sourceTree = "<group>"; };
		6B05A0031BB3271A002627BA /* MainViewController.m */ = {isa = PBXFileReference; fileEncoding = 4; lastKnownFileType = sourcecode.c.objc; lineEnding = 0; path = MainViewController.m; sourceTree = "<group>"; xcLanguageSpecificationIdentifier = xcode.lang.objc; };
		6B05A0051BB32765002627BA /* DisplayTemplateViewController.h */ = {isa = PBXFileReference; fileEncoding = 4; lastKnownFileType = sourcecode.c.h; path = DisplayTemplateViewController.h; sourceTree = "<group>"; };
		6B05A0061BB32765002627BA /* DisplayTemplateViewController.m */ = {isa = PBXFileReference; fileEncoding = 4; lastKnownFileType = sourcecode.c.objc; lineEnding = 0; path = DisplayTemplateViewController.m; sourceTree = "<group>"; xcLanguageSpecificationIdentifier = xcode.lang.objc; };
		6B05A0091BB32AF2002627BA /* startbootstrap-agency-1.0-2.4 */ = {isa = PBXFileReference; lastKnownFileType = folder; path = "startbootstrap-agency-1.0-2.4"; sourceTree = SOURCE_ROOT; };
		6B05A00A1BB32AF2002627BA /* startbootstrap-clean-blog-1.0.3 */ = {isa = PBXFileReference; lastKnownFileType = folder; path = "startbootstrap-clean-blog-1.0.3"; sourceTree = SOURCE_ROOT; };
		6B05A00B1BB32AF2002627BA /* startbootstrap-creative-1.0.1 */ = {isa = PBXFileReference; lastKnownFileType = folder; path = "startbootstrap-creative-1.0.1"; sourceTree = SOURCE_ROOT; };
		6B05A00C1BB32AF2002627BA /* startbootstrap-freelancer-1.0.3 */ = {isa = PBXFileReference; lastKnownFileType = folder; path = "startbootstrap-freelancer-1.0.3"; sourceTree = SOURCE_ROOT; };
		6B05A00D1BB32AF2002627BA /* startbootstrap-one-page-wonder-1.0.3 */ = {isa = PBXFileReference; lastKnownFileType = folder; path = "startbootstrap-one-page-wonder-1.0.3"; sourceTree = SOURCE_ROOT; };
		6B05A0131BB32C70002627BA /* agency.png */ = {isa = PBXFileReference; lastKnownFileType = image.png; name = agency.png; path = templateImg/agency.png; sourceTree = SOURCE_ROOT; };
		6B05A0141BB32C70002627BA /* clean-blog.png */ = {isa = PBXFileReference; lastKnownFileType = image.png; name = "clean-blog.png"; path = "templateImg/clean-blog.png"; sourceTree = SOURCE_ROOT; };
		6B05A0151BB32C70002627BA /* creative.png */ = {isa = PBXFileReference; lastKnownFileType = image.png; name = creative.png; path = templateImg/creative.png; sourceTree = SOURCE_ROOT; };
		6B05A0161BB32C70002627BA /* freelancer.png */ = {isa = PBXFileReference; lastKnownFileType = image.png; name = freelancer.png; path = templateImg/freelancer.png; sourceTree = SOURCE_ROOT; };
		6B05A0171BB32C70002627BA /* one-page-wonder.png */ = {isa = PBXFileReference; lastKnownFileType = image.png; name = "one-page-wonder.png"; path = "templateImg/one-page-wonder.png"; sourceTree = SOURCE_ROOT; };
		6B05A02C1BB4A0B5002627BA /* FileService.h */ = {isa = PBXFileReference; fileEncoding = 4; lastKnownFileType = sourcecode.c.h; lineEnding = 0; path = FileService.h; sourceTree = "<group>"; xcLanguageSpecificationIdentifier = xcode.lang.objcpp; };
		6B05A02D1BB4A0B5002627BA /* FileService.m */ = {isa = PBXFileReference; fileEncoding = 4; lastKnownFileType = sourcecode.c.objc; lineEnding = 0; path = FileService.m; sourceTree = "<group>"; xcLanguageSpecificationIdentifier = xcode.lang.objc; };
		6C0E6E311BB1F16F000C7971 /* PublishViewController.h */ = {isa = PBXFileReference; fileEncoding = 4; lastKnownFileType = sourcecode.c.h; path = PublishViewController.h; sourceTree = "<group>"; };
		6C0E6E321BB1F16F000C7971 /* PublishViewController.m */ = {isa = PBXFileReference; fileEncoding = 4; lastKnownFileType = sourcecode.c.objc; lineEnding = 0; path = PublishViewController.m; sourceTree = "<group>"; xcLanguageSpecificationIdentifier = xcode.lang.objc; };
		6EE31DEC5172B73AABFD04F9 /* Pods-Instasite.debug.xcconfig */ = {isa = PBXFileReference; includeInIndex = 1; lastKnownFileType = text.xcconfig; name = "Pods-Instasite.debug.xcconfig"; path = "Pods/Target Support Files/Pods-Instasite/Pods-Instasite.debug.xcconfig"; sourceTree = "<group>"; };
		A42CA43213D7E88DB56F5FD1 /* Pods-Instasite.release.xcconfig */ = {isa = PBXFileReference; includeInIndex = 1; lastKnownFileType = text.xcconfig; name = "Pods-Instasite.release.xcconfig"; path = "Pods/Target Support Files/Pods-Instasite/Pods-Instasite.release.xcconfig"; sourceTree = "<group>"; };
		C094285F042763CE3DF8F210 /* libPods-Instasite.a */ = {isa = PBXFileReference; explicitFileType = archive.ar; includeInIndex = 0; path = "libPods-Instasite.a"; sourceTree = BUILT_PRODUCTS_DIR; };
/* End PBXFileReference section */

/* Begin PBXFrameworksBuildPhase section */
		22EFFDD81BADC11800E28ACB /* Frameworks */ = {
			isa = PBXFrameworksBuildPhase;
			buildActionMask = 2147483647;
			files = (
				A3B14F545D372A79A9897B4B /* libPods-Instasite.a in Frameworks */,
			);
			runOnlyForDeploymentPostprocessing = 0;
		};
		22EFFDF11BADC11800E28ACB /* Frameworks */ = {
			isa = PBXFrameworksBuildPhase;
			buildActionMask = 2147483647;
			files = (
			);
			runOnlyForDeploymentPostprocessing = 0;
		};
		22EFFDFC1BADC11800E28ACB /* Frameworks */ = {
			isa = PBXFrameworksBuildPhase;
			buildActionMask = 2147483647;
			files = (
			);
			runOnlyForDeploymentPostprocessing = 0;
		};
/* End PBXFrameworksBuildPhase section */

/* Begin PBXGroup section */
		009403F91BB999FB005E547C /* User Input */ = {
			isa = PBXGroup;
			children = (
				00E9289C1BB1A9BA00383BD0 /* Feature.h */,
				00E9289D1BB1A9BA00383BD0 /* Feature.m */,
				00E928A21BB1AB0100383BD0 /* TemplateInput.h */,
				00E928A31BB1AB0100383BD0 /* TemplateInput.m */,
			);
			name = "User Input";
			sourceTree = "<group>";
		};
		00D3534F1BDC65AA00EA97E7 /* GitHubAPI */ = {
			isa = PBXGroup;
			children = (
				0073C4931BD6B44800760638 /* GitHubDataApiWrapper.h */,
				0073C4941BD6B44800760638 /* GitHubDataApiWrapper.m */,
				0073C4A01BDB3A3800760638 /* GitHubRepoApiWrapper.h */,
				0073C4A11BDB3A3800760638 /* GitHubRepoApiWrapper.m */,
				00D353531BDE88E500EA97E7 /* GitHubUserApiWrapper.h */,
				00D353541BDE88E500EA97E7 /* GitHubUserApiWrapper.m */,
				00D353461BDC5C8600EA97E7 /* GitHubOAuthApiWrapper.h */,
				00D353471BDC5C8600EA97E7 /* GitHubOAuthApiWrapper.m */,
			);
			name = GitHubAPI;
			sourceTree = "<group>";
		};
		00D353591BDEB93100EA97E7 /* GitHubObjects */ = {
			isa = PBXGroup;
			children = (
				0073C4971BD861E400760638 /* GitHubTree.h */,
				0073C4981BD861E400760638 /* GitHubTree.m */,
				0073C49D1BDB38A700760638 /* GitHubRepo.h */,
				0073C49E1BDB38A700760638 /* GitHubRepo.m */,
				00D353561BDEA57900EA97E7 /* GitHubUser.h */,
				00D353571BDEA57900EA97E7 /* GitHubUser.m */,
				00D353501BDC65FF00EA97E7 /* GitHubAccessToken.h */,
				00D353511BDC65FF00EA97E7 /* GitHubAccessToken.m */,
			);
			name = GitHubObjects;
			sourceTree = "<group>";
		};
		00EA772B1BBC89BE00A70B8A /* GitHubJSON */ = {
			isa = PBXGroup;
			children = (
				0073C47E1BD5E3A700760638 /* BlobJsonRequest.h */,
				0073C47F1BD5E3A700760638 /* BlobJsonRequest.m */,
				0073C4811BD5E66B00760638 /* BlobJsonResponse.h */,
				0073C4821BD5E66B00760638 /* BlobJsonResponse.m */,
				00D3535A1BDEBC9500EA97E7 /* FileJsonResponse.h */,
				00D3535B1BDEBC9500EA97E7 /* FileJsonResponse.m */,
				00EA77321BBC9FF700A70B8A /* FileJsonRequest.h */,
				00EA77331BBC9FF700A70B8A /* FileJsonRequest.m */,
				0073C4841BD5E7AF00760638 /* TreeJsonRequest.h */,
				0073C4851BD5E7AF00760638 /* TreeJsonRequest.m */,
				0073C4871BD6A1F300760638 /* TreeJsonResponse.h */,
				0073C4881BD6A1F300760638 /* TreeJsonResponse.m */,
				0073C48A1BD6A27B00760638 /* CommitTreeJsonRequest.h */,
				0073C48B1BD6A27B00760638 /* CommitTreeJsonRequest.m */,
				0073C48D1BD6A3C300760638 /* CommitTreeJsonResponse.h */,
				0073C48E1BD6A3C300760638 /* CommitTreeJsonResponse.m */,
				0073C4901BD6A45E00760638 /* RefJsonRequest.h */,
				0073C4911BD6A45E00760638 /* RefJsonRequest.m */,
				00EA772C1BBC8A3600A70B8A /* RefJsonResponse.h */,
				00EA772D1BBC8A3600A70B8A /* RefJsonResponse.m */,
				00D353431BDBF43D00EA97E7 /* RepoJsonRequest.h */,
				00D353441BDBF43D00EA97E7 /* RepoJsonRequest.m */,
				007D47FE1BC2F4BA0057B5D1 /* RepoJsonResponse.h */,
				007D47FF1BC2F4BA0057B5D1 /* RepoJsonResponse.m */,
				006CED441BC5EEBE004F484D /* UserJsonResponse.h */,
				006CED451BC5EEBE004F484D /* UserJsonResponse.m */,
				00D353401BDBD63700EA97E7 /* UserReposJsonRequest.h */,
				00D353411BDBD63700EA97E7 /* UserReposJsonRequest.m */,
				00D353491BDC5D8200EA97E7 /* OAuthJsonRequest.h */,
				00D3534A1BDC5D8200EA97E7 /* OAuthJsonRequest.m */,
				00D3534C1BDC5D9400EA97E7 /* OAuthJsonResponse.h */,
				00D3534D1BDC5D9400EA97E7 /* OAuthJsonResponse.m */,
			);
			name = GitHubJSON;
			sourceTree = "<group>";
		};
		221BCA201BB472C50057A272 /* Test Image */ = {
			isa = PBXGroup;
			children = (
				221BCA211BB472D70057A272 /* testimage.jpg */,
			);
			name = "Test Image";
			sourceTree = "<group>";
		};
		221BCA231BB4B9180057A272 /* Files */ = {
			isa = PBXGroup;
			children = (
				221BCA281BB4B9460057A272 /* FileInfo.h */,
				221BCA291BB4B9460057A272 /* FileInfo.m */,
			);
			name = Files;
			sourceTree = "<group>";
		};
		227C86731BB0770800799CD3 /* Controllers */ = {
			isa = PBXGroup;
			children = (
				6B05A0021BB3271A002627BA /* MainViewController.h */,
				6B05A0031BB3271A002627BA /* MainViewController.m */,
				6B05A0051BB32765002627BA /* DisplayTemplateViewController.h */,
				6B05A0061BB32765002627BA /* DisplayTemplateViewController.m */,
				227C867A1BB077D400799CD3 /* OauthViewController.h */,
				227C867B1BB077D400799CD3 /* OauthViewController.m */,
				6C0E6E311BB1F16F000C7971 /* PublishViewController.h */,
				6C0E6E321BB1F16F000C7971 /* PublishViewController.m */,
				00E928AA1BB1EC0F00383BD0 /* EditViewController.h */,
				00E928AB1BB1EC0F00383BD0 /* EditViewController.m */,
				0006EC041BC0B79200B020C5 /* ImagesViewController.h */,
				0006EC051BC0B79200B020C5 /* ImagesViewController.m */,
				007D48011BC2F90A0057B5D1 /* ReposViewController.h */,
				007D48021BC2F90A0057B5D1 /* ReposViewController.m */,
				000B02731BB36A2D00737578 /* TemplateTabBarController.h */,
				000B02741BB36A2D00737578 /* TemplateTabBarController.m */,
			);
			name = Controllers;
			sourceTree = "<group>";
		};
		227C86741BB0771800799CD3 /* Views */ = {
			isa = PBXGroup;
			children = (
				22EFFDEC1BADC11800E28ACB /* LaunchScreen.storyboard */,
				22EFFDE71BADC11800E28ACB /* Main.storyboard */,
				227C86761BB0774800799CD3 /* Oauth.storyboard */,
				000613741BB2FCE600E818B7 /* Extensions.h */,
				000613751BB2FCE600E818B7 /* Extensions.m */,
				0006EC071BC0BFAF00B020C5 /* ImageCell.h */,
				0006EC081BC0BFAF00B020C5 /* ImageCell.m */,
				007D48041BC2FAA30057B5D1 /* RepoCell.h */,
				007D48051BC2FAA30057B5D1 /* RepoCell.m */,
				008035001BB7141C00EB91C6 /* SegmentedControl.h */,
				008035011BB7141C00EB91C6 /* SegmentedControl.m */,
			);
			name = Views;
			sourceTree = "<group>";
		};
		227C86751BB0772E00799CD3 /* Models */ = {
			isa = PBXGroup;
			children = (
				00E928961BB1A07200383BD0 /* HtmlTemplate.h */,
				00E928971BB1A07200383BD0 /* HtmlTemplate.m */,
				00EA772B1BBC89BE00A70B8A /* GitHubJSON */,
				00D3534F1BDC65AA00EA97E7 /* GitHubAPI */,
				00D353591BDEB93100EA97E7 /* GitHubObjects */,
				009403F91BB999FB005E547C /* User Input */,
				221BCA231BB4B9180057A272 /* Files */,
			);
			name = Models;
			sourceTree = "<group>";
		};
		227C867D1BB07B1500799CD3 /* Services */ = {
			isa = PBXGroup;
			children = (
				00E928991BB1A8BE00383BD0 /* JsonService.h */,
				00E9289A1BB1A8BE00383BD0 /* JsonService.m */,
				6B05A02C1BB4A0B5002627BA /* FileService.h */,
				6B05A02D1BB4A0B5002627BA /* FileService.m */,
				221BCA1C1BB46B100057A272 /* FileEncodingService.h */,
				221BCA1D1BB46B100057A272 /* FileEncodingService.m */,
			);
			name = Services;
			sourceTree = "<group>";
		};
		22EFFDD21BADC11800E28ACB = {
			isa = PBXGroup;
			children = (
				22EFFDDD1BADC11800E28ACB /* Instasite */,
				22EFFDF71BADC11800E28ACB /* InstasiteTests */,
				22EFFE021BADC11800E28ACB /* InstasiteUITests */,
				22EFFDDC1BADC11800E28ACB /* Products */,
				893A92E35F2724D853226A78 /* Pods */,
				26F3F2D6E2882DE79B2BEC5E /* Frameworks */,
			);
			sourceTree = "<group>";
		};
		22EFFDDC1BADC11800E28ACB /* Products */ = {
			isa = PBXGroup;
			children = (
				22EFFDDB1BADC11800E28ACB /* Instasite.app */,
				22EFFDF41BADC11800E28ACB /* InstasiteTests.xctest */,
				22EFFDFF1BADC11800E28ACB /* InstasiteUITests.xctest */,
			);
			name = Products;
			sourceTree = "<group>";
		};
		22EFFDDD1BADC11800E28ACB /* Instasite */ = {
			isa = PBXGroup;
			children = (
				22EFFDE11BADC11800E28ACB /* AppDelegate.h */,
				22EFFDE21BADC11800E28ACB /* AppDelegate.m */,
				227C86731BB0770800799CD3 /* Controllers */,
				227C86741BB0771800799CD3 /* Views */,
				227C86751BB0772E00799CD3 /* Models */,
				227C867D1BB07B1500799CD3 /* Services */,
				22EFFE111BADC15900E28ACB /* Secrets */,
				22EFFDDE1BADC11800E28ACB /* Supporting Files */,
				221BCA201BB472C50057A272 /* Test Image */,
				6B05A0081BB32A92002627BA /* Templates */,
			);
			path = Instasite;
			sourceTree = "<group>";
		};
		22EFFDDE1BADC11800E28ACB /* Supporting Files */ = {
			isa = PBXGroup;
			children = (
				00E928A61BB1AEA200383BD0 /* Sample.json */,
				22EFFDEA1BADC11800E28ACB /* Assets.xcassets */,
				22EFFDEF1BADC11800E28ACB /* Info.plist */,
				22EFFDDF1BADC11800E28ACB /* main.m */,
				0073C4961BD7FC2600760638 /* TypeDefsEnums.h */,
				227C86811BB0876900799CD3 /* Constants.h */,
				227C86821BB0876900799CD3 /* Constants.m */,
			);
			name = "Supporting Files";
			sourceTree = "<group>";
		};
		22EFFDF71BADC11800E28ACB /* InstasiteTests */ = {
			isa = PBXGroup;
			children = (
				22EFFDF81BADC11800E28ACB /* InstasiteTests.m */,
				22EFFDFA1BADC11800E28ACB /* Info.plist */,
			);
			path = InstasiteTests;
			sourceTree = "<group>";
		};
		22EFFE021BADC11800E28ACB /* InstasiteUITests */ = {
			isa = PBXGroup;
			children = (
				22EFFE031BADC11800E28ACB /* InstasiteUITests.m */,
				22EFFE051BADC11800E28ACB /* Info.plist */,
			);
			path = InstasiteUITests;
			sourceTree = "<group>";
		};
		22EFFE111BADC15900E28ACB /* Secrets */ = {
			isa = PBXGroup;
			children = (
				22B07C841BB45D5D00ADB5EF /* Keys.h */,
				22B07C851BB45D5D00ADB5EF /* Keys.m */,
			);
			name = Secrets;
			sourceTree = "<group>";
		};
		26F3F2D6E2882DE79B2BEC5E /* Frameworks */ = {
			isa = PBXGroup;
			children = (
				C094285F042763CE3DF8F210 /* libPods-Instasite.a */,
			);
			name = Frameworks;
			sourceTree = "<group>";
		};
		6B05A0081BB32A92002627BA /* Templates */ = {
			isa = PBXGroup;
			children = (
				6B05A0131BB32C70002627BA /* agency.png */,
				6B05A0141BB32C70002627BA /* clean-blog.png */,
				6B05A0151BB32C70002627BA /* creative.png */,
				6B05A0161BB32C70002627BA /* freelancer.png */,
				6B05A0171BB32C70002627BA /* one-page-wonder.png */,
				6B05A0091BB32AF2002627BA /* startbootstrap-agency-1.0-2.4 */,
				6B05A00A1BB32AF2002627BA /* startbootstrap-clean-blog-1.0.3 */,
				6B05A00B1BB32AF2002627BA /* startbootstrap-creative-1.0.1 */,
				6B05A00C1BB32AF2002627BA /* startbootstrap-freelancer-1.0.3 */,
				6B05A00D1BB32AF2002627BA /* startbootstrap-one-page-wonder-1.0.3 */,
			);
			name = Templates;
			sourceTree = "<group>";
		};
		893A92E35F2724D853226A78 /* Pods */ = {
			isa = PBXGroup;
			children = (
				6EE31DEC5172B73AABFD04F9 /* Pods-Instasite.debug.xcconfig */,
				A42CA43213D7E88DB56F5FD1 /* Pods-Instasite.release.xcconfig */,
			);
			name = Pods;
			sourceTree = "<group>";
		};
/* End PBXGroup section */

/* Begin PBXNativeTarget section */
		22EFFDDA1BADC11800E28ACB /* Instasite */ = {
			isa = PBXNativeTarget;
			buildConfigurationList = 22EFFE081BADC11800E28ACB /* Build configuration list for PBXNativeTarget "Instasite" */;
			buildPhases = (
				816F3882153177A1367665C1 /* Check Pods Manifest.lock */,
				22EFFDD71BADC11800E28ACB /* Sources */,
				22EFFDD81BADC11800E28ACB /* Frameworks */,
				22EFFDD91BADC11800E28ACB /* Resources */,
				104EBEC7ED0A6AB094B98C4B /* Copy Pods Resources */,
			);
			buildRules = (
			);
			dependencies = (
			);
			name = Instasite;
			productName = Instasite;
			productReference = 22EFFDDB1BADC11800E28ACB /* Instasite.app */;
			productType = "com.apple.product-type.application";
		};
		22EFFDF31BADC11800E28ACB /* InstasiteTests */ = {
			isa = PBXNativeTarget;
			buildConfigurationList = 22EFFE0B1BADC11800E28ACB /* Build configuration list for PBXNativeTarget "InstasiteTests" */;
			buildPhases = (
				22EFFDF01BADC11800E28ACB /* Sources */,
				22EFFDF11BADC11800E28ACB /* Frameworks */,
				22EFFDF21BADC11800E28ACB /* Resources */,
			);
			buildRules = (
			);
			dependencies = (
				22EFFDF61BADC11800E28ACB /* PBXTargetDependency */,
			);
			name = InstasiteTests;
			productName = InstasiteTests;
			productReference = 22EFFDF41BADC11800E28ACB /* InstasiteTests.xctest */;
			productType = "com.apple.product-type.bundle.unit-test";
		};
		22EFFDFE1BADC11800E28ACB /* InstasiteUITests */ = {
			isa = PBXNativeTarget;
			buildConfigurationList = 22EFFE0E1BADC11800E28ACB /* Build configuration list for PBXNativeTarget "InstasiteUITests" */;
			buildPhases = (
				22EFFDFB1BADC11800E28ACB /* Sources */,
				22EFFDFC1BADC11800E28ACB /* Frameworks */,
				22EFFDFD1BADC11800E28ACB /* Resources */,
			);
			buildRules = (
			);
			dependencies = (
				22EFFE011BADC11800E28ACB /* PBXTargetDependency */,
			);
			name = InstasiteUITests;
			productName = InstasiteUITests;
			productReference = 22EFFDFF1BADC11800E28ACB /* InstasiteUITests.xctest */;
			productType = "com.apple.product-type.bundle.ui-testing";
		};
/* End PBXNativeTarget section */

/* Begin PBXProject section */
		22EFFDD31BADC11800E28ACB /* Project object */ = {
			isa = PBXProject;
			attributes = {
				LastSwiftUpdateCheck = 0700;
				LastUpgradeCheck = 0700;
				ORGANIZATIONNAME = Instasite;
				TargetAttributes = {
					22EFFDDA1BADC11800E28ACB = {
						CreatedOnToolsVersion = 7.0;
					};
					22EFFDF31BADC11800E28ACB = {
						CreatedOnToolsVersion = 7.0;
						TestTargetID = 22EFFDDA1BADC11800E28ACB;
					};
					22EFFDFE1BADC11800E28ACB = {
						CreatedOnToolsVersion = 7.0;
						TestTargetID = 22EFFDDA1BADC11800E28ACB;
					};
				};
			};
			buildConfigurationList = 22EFFDD61BADC11800E28ACB /* Build configuration list for PBXProject "Instasite" */;
			compatibilityVersion = "Xcode 3.2";
			developmentRegion = English;
			hasScannedForEncodings = 0;
			knownRegions = (
				en,
				Base,
			);
			mainGroup = 22EFFDD21BADC11800E28ACB;
			productRefGroup = 22EFFDDC1BADC11800E28ACB /* Products */;
			projectDirPath = "";
			projectRoot = "";
			targets = (
				22EFFDDA1BADC11800E28ACB /* Instasite */,
				22EFFDF31BADC11800E28ACB /* InstasiteTests */,
				22EFFDFE1BADC11800E28ACB /* InstasiteUITests */,
			);
		};
/* End PBXProject section */

/* Begin PBXResourcesBuildPhase section */
		22EFFDD91BADC11800E28ACB /* Resources */ = {
			isa = PBXResourcesBuildPhase;
			buildActionMask = 2147483647;
			files = (
				227C86771BB0774800799CD3 /* Oauth.storyboard in Resources */,
				221BCA221BB472D70057A272 /* testimage.jpg in Resources */,
				6B05A0191BB32C70002627BA /* clean-blog.png in Resources */,
				6B05A00F1BB32AF2002627BA /* startbootstrap-clean-blog-1.0.3 in Resources */,
				6B05A0181BB32C70002627BA /* agency.png in Resources */,
				6B05A0121BB32AF2002627BA /* startbootstrap-one-page-wonder-1.0.3 in Resources */,
				00E928A71BB1AEA200383BD0 /* Sample.json in Resources */,
				6B05A00E1BB32AF2002627BA /* startbootstrap-agency-1.0-2.4 in Resources */,
				6B05A0101BB32AF2002627BA /* startbootstrap-creative-1.0.1 in Resources */,
				6B05A01C1BB32C70002627BA /* one-page-wonder.png in Resources */,
				6B05A01B1BB32C70002627BA /* freelancer.png in Resources */,
				6B05A0111BB32AF2002627BA /* startbootstrap-freelancer-1.0.3 in Resources */,
				22EFFDEE1BADC11800E28ACB /* LaunchScreen.storyboard in Resources */,
				22EFFDEB1BADC11800E28ACB /* Assets.xcassets in Resources */,
				22EFFDE91BADC11800E28ACB /* Main.storyboard in Resources */,
				6B05A01A1BB32C70002627BA /* creative.png in Resources */,
			);
			runOnlyForDeploymentPostprocessing = 0;
		};
		22EFFDF21BADC11800E28ACB /* Resources */ = {
			isa = PBXResourcesBuildPhase;
			buildActionMask = 2147483647;
			files = (
			);
			runOnlyForDeploymentPostprocessing = 0;
		};
		22EFFDFD1BADC11800E28ACB /* Resources */ = {
			isa = PBXResourcesBuildPhase;
			buildActionMask = 2147483647;
			files = (
			);
			runOnlyForDeploymentPostprocessing = 0;
		};
/* End PBXResourcesBuildPhase section */

/* Begin PBXShellScriptBuildPhase section */
		104EBEC7ED0A6AB094B98C4B /* Copy Pods Resources */ = {
			isa = PBXShellScriptBuildPhase;
			buildActionMask = 2147483647;
			files = (
			);
			inputPaths = (
			);
			name = "Copy Pods Resources";
			outputPaths = (
			);
			runOnlyForDeploymentPostprocessing = 0;
			shellPath = /bin/sh;
			shellScript = "\"${SRCROOT}/Pods/Target Support Files/Pods-Instasite/Pods-Instasite-resources.sh\"\n";
			showEnvVarsInLog = 0;
		};
		816F3882153177A1367665C1 /* Check Pods Manifest.lock */ = {
			isa = PBXShellScriptBuildPhase;
			buildActionMask = 2147483647;
			files = (
			);
			inputPaths = (
			);
			name = "Check Pods Manifest.lock";
			outputPaths = (
			);
			runOnlyForDeploymentPostprocessing = 0;
			shellPath = /bin/sh;
			shellScript = "diff \"${PODS_ROOT}/../Podfile.lock\" \"${PODS_ROOT}/Manifest.lock\" > /dev/null\nif [[ $? != 0 ]] ; then\n    cat << EOM\nerror: The sandbox is not in sync with the Podfile.lock. Run 'pod install' or update your CocoaPods installation.\nEOM\n    exit 1\nfi\n";
			showEnvVarsInLog = 0;
		};
/* End PBXShellScriptBuildPhase section */

/* Begin PBXSourcesBuildPhase section */
		22EFFDD71BADC11800E28ACB /* Sources */ = {
			isa = PBXSourcesBuildPhase;
			buildActionMask = 2147483647;
			files = (
				00D353521BDC65FF00EA97E7 /* GitHubAccessToken.m in Sources */,
				000B02751BB36A2D00737578 /* TemplateTabBarController.m in Sources */,
				0073C48F1BD6A3C300760638 /* CommitTreeJsonResponse.m in Sources */,
				0073C49F1BDB38A700760638 /* GitHubRepo.m in Sources */,
				0006EC091BC0BFAF00B020C5 /* ImageCell.m in Sources */,
				6B05A0071BB32765002627BA /* DisplayTemplateViewController.m in Sources */,
				00D353451BDBF43D00EA97E7 /* RepoJsonRequest.m in Sources */,
				00E9289E1BB1A9BA00383BD0 /* Feature.m in Sources */,
				00D353421BDBD63700EA97E7 /* UserReposJsonRequest.m in Sources */,
				00EA772E1BBC8A3600A70B8A /* RefJsonResponse.m in Sources */,
				0073C4991BD861E400760638 /* GitHubTree.m in Sources */,
				00D3535C1BDEBC9500EA97E7 /* FileJsonResponse.m in Sources */,
				00E9289B1BB1A8BE00383BD0 /* JsonService.m in Sources */,
				0073C4891BD6A1F300760638 /* TreeJsonResponse.m in Sources */,
				006CED461BC5EEBE004F484D /* UserJsonResponse.m in Sources */,
				6B05A02E1BB4A0B5002627BA /* FileService.m in Sources */,
				6B05A0041BB3271A002627BA /* MainViewController.m in Sources */,
				221BCA1E1BB46B100057A272 /* FileEncodingService.m in Sources */,
				00E928981BB1A07200383BD0 /* HtmlTemplate.m in Sources */,
				00E928AC1BB1EC0F00383BD0 /* EditViewController.m in Sources */,
				008035021BB7141C00EB91C6 /* SegmentedControl.m in Sources */,
				000613761BB2FCE600E818B7 /* Extensions.m in Sources */,
				221BCA2A1BB4B9460057A272 /* FileInfo.m in Sources */,
				007D48031BC2F90A0057B5D1 /* ReposViewController.m in Sources */,
				22EFFDE31BADC11800E28ACB /* AppDelegate.m in Sources */,
				227C867C1BB077D400799CD3 /* OauthViewController.m in Sources */,
				00D3534E1BDC5D9400EA97E7 /* OAuthJsonResponse.m in Sources */,
				0073C48C1BD6A27B00760638 /* CommitTreeJsonRequest.m in Sources */,
				0006EC061BC0B79200B020C5 /* ImagesViewController.m in Sources */,
				00E928A41BB1AB0100383BD0 /* TemplateInput.m in Sources */,
				0073C4A21BDB3A3800760638 /* GitHubRepoApiWrapper.m in Sources */,
				0073C4801BD5E3A700760638 /* BlobJsonRequest.m in Sources */,
				22B07C861BB45D5D00ADB5EF /* Keys.m in Sources */,
				0073C4861BD5E7AF00760638 /* TreeJsonRequest.m in Sources */,
				0073C4921BD6A45E00760638 /* RefJsonRequest.m in Sources */,
				6C0E6E331BB1F16F000C7971 /* PublishViewController.m in Sources */,
				00D3534B1BDC5D8200EA97E7 /* OAuthJsonRequest.m in Sources */,
				00D353581BDEA57900EA97E7 /* GitHubUser.m in Sources */,
				00EA77341BBC9FF700A70B8A /* FileJsonRequest.m in Sources */,
				227C86831BB0876900799CD3 /* Constants.m in Sources */,
				007D48061BC2FAA30057B5D1 /* RepoCell.m in Sources */,
				00D353481BDC5C8600EA97E7 /* GitHubOAuthApiWrapper.m in Sources */,
				22EFFDE01BADC11800E28ACB /* main.m in Sources */,
				007D48001BC2F4BA0057B5D1 /* RepoJsonResponse.m in Sources */,
				0073C4831BD5E66B00760638 /* BlobJsonResponse.m in Sources */,
				00D353551BDE88E500EA97E7 /* GitHubUserApiWrapper.m in Sources */,
				0073C4951BD6B44800760638 /* GitHubDataApiWrapper.m in Sources */,
			);
			runOnlyForDeploymentPostprocessing = 0;
		};
		22EFFDF01BADC11800E28ACB /* Sources */ = {
			isa = PBXSourcesBuildPhase;
			buildActionMask = 2147483647;
			files = (
				22EFFDF91BADC11800E28ACB /* InstasiteTests.m in Sources */,
			);
			runOnlyForDeploymentPostprocessing = 0;
		};
		22EFFDFB1BADC11800E28ACB /* Sources */ = {
			isa = PBXSourcesBuildPhase;
			buildActionMask = 2147483647;
			files = (
				22EFFE041BADC11800E28ACB /* InstasiteUITests.m in Sources */,
			);
			runOnlyForDeploymentPostprocessing = 0;
		};
/* End PBXSourcesBuildPhase section */

/* Begin PBXTargetDependency section */
		22EFFDF61BADC11800E28ACB /* PBXTargetDependency */ = {
			isa = PBXTargetDependency;
			target = 22EFFDDA1BADC11800E28ACB /* Instasite */;
			targetProxy = 22EFFDF51BADC11800E28ACB /* PBXContainerItemProxy */;
		};
		22EFFE011BADC11800E28ACB /* PBXTargetDependency */ = {
			isa = PBXTargetDependency;
			target = 22EFFDDA1BADC11800E28ACB /* Instasite */;
			targetProxy = 22EFFE001BADC11800E28ACB /* PBXContainerItemProxy */;
		};
/* End PBXTargetDependency section */

/* Begin PBXVariantGroup section */
		22EFFDE71BADC11800E28ACB /* Main.storyboard */ = {
			isa = PBXVariantGroup;
			children = (
				22EFFDE81BADC11800E28ACB /* Base */,
			);
			name = Main.storyboard;
			sourceTree = "<group>";
		};
		22EFFDEC1BADC11800E28ACB /* LaunchScreen.storyboard */ = {
			isa = PBXVariantGroup;
			children = (
				22EFFDED1BADC11800E28ACB /* Base */,
			);
			name = LaunchScreen.storyboard;
			sourceTree = "<group>";
		};
/* End PBXVariantGroup section */

/* Begin XCBuildConfiguration section */
		22EFFE061BADC11800E28ACB /* Debug */ = {
			isa = XCBuildConfiguration;
			buildSettings = {
				ALWAYS_SEARCH_USER_PATHS = NO;
				CLANG_CXX_LANGUAGE_STANDARD = "gnu++0x";
				CLANG_CXX_LIBRARY = "libc++";
				CLANG_ENABLE_MODULES = YES;
				CLANG_ENABLE_OBJC_ARC = YES;
				CLANG_WARN_BOOL_CONVERSION = YES;
				CLANG_WARN_CONSTANT_CONVERSION = YES;
				CLANG_WARN_DIRECT_OBJC_ISA_USAGE = YES_ERROR;
				CLANG_WARN_EMPTY_BODY = YES;
				CLANG_WARN_ENUM_CONVERSION = YES;
				CLANG_WARN_INT_CONVERSION = YES;
				CLANG_WARN_OBJC_ROOT_CLASS = YES_ERROR;
				CLANG_WARN_UNREACHABLE_CODE = YES;
				CLANG_WARN__DUPLICATE_METHOD_MATCH = YES;
				"CODE_SIGN_IDENTITY[sdk=iphoneos*]" = "iPhone Developer";
				COPY_PHASE_STRIP = NO;
				DEBUG_INFORMATION_FORMAT = dwarf;
				ENABLE_STRICT_OBJC_MSGSEND = YES;
				ENABLE_TESTABILITY = YES;
				GCC_C_LANGUAGE_STANDARD = gnu99;
				GCC_DYNAMIC_NO_PIC = NO;
				GCC_NO_COMMON_BLOCKS = YES;
				GCC_OPTIMIZATION_LEVEL = 0;
				GCC_PREPROCESSOR_DEFINITIONS = (
					"DEBUG=1",
					"$(inherited)",
				);
				GCC_WARN_64_TO_32_BIT_CONVERSION = YES;
				GCC_WARN_ABOUT_RETURN_TYPE = YES_ERROR;
				GCC_WARN_UNDECLARED_SELECTOR = YES;
				GCC_WARN_UNINITIALIZED_AUTOS = YES_AGGRESSIVE;
				GCC_WARN_UNUSED_FUNCTION = YES;
				GCC_WARN_UNUSED_VARIABLE = YES;
				IPHONEOS_DEPLOYMENT_TARGET = 9.0;
				MTL_ENABLE_DEBUG_INFO = YES;
				ONLY_ACTIVE_ARCH = YES;
				SDKROOT = iphoneos;
				TARGETED_DEVICE_FAMILY = "1,2";
			};
			name = Debug;
		};
		22EFFE071BADC11800E28ACB /* Release */ = {
			isa = XCBuildConfiguration;
			buildSettings = {
				ALWAYS_SEARCH_USER_PATHS = NO;
				CLANG_CXX_LANGUAGE_STANDARD = "gnu++0x";
				CLANG_CXX_LIBRARY = "libc++";
				CLANG_ENABLE_MODULES = YES;
				CLANG_ENABLE_OBJC_ARC = YES;
				CLANG_WARN_BOOL_CONVERSION = YES;
				CLANG_WARN_CONSTANT_CONVERSION = YES;
				CLANG_WARN_DIRECT_OBJC_ISA_USAGE = YES_ERROR;
				CLANG_WARN_EMPTY_BODY = YES;
				CLANG_WARN_ENUM_CONVERSION = YES;
				CLANG_WARN_INT_CONVERSION = YES;
				CLANG_WARN_OBJC_ROOT_CLASS = YES_ERROR;
				CLANG_WARN_UNREACHABLE_CODE = YES;
				CLANG_WARN__DUPLICATE_METHOD_MATCH = YES;
				"CODE_SIGN_IDENTITY[sdk=iphoneos*]" = "iPhone Developer";
				COPY_PHASE_STRIP = NO;
				DEBUG_INFORMATION_FORMAT = "dwarf-with-dsym";
				ENABLE_NS_ASSERTIONS = NO;
				ENABLE_STRICT_OBJC_MSGSEND = YES;
				GCC_C_LANGUAGE_STANDARD = gnu99;
				GCC_NO_COMMON_BLOCKS = YES;
				GCC_WARN_64_TO_32_BIT_CONVERSION = YES;
				GCC_WARN_ABOUT_RETURN_TYPE = YES_ERROR;
				GCC_WARN_UNDECLARED_SELECTOR = YES;
				GCC_WARN_UNINITIALIZED_AUTOS = YES_AGGRESSIVE;
				GCC_WARN_UNUSED_FUNCTION = YES;
				GCC_WARN_UNUSED_VARIABLE = YES;
				IPHONEOS_DEPLOYMENT_TARGET = 9.0;
				MTL_ENABLE_DEBUG_INFO = NO;
				SDKROOT = iphoneos;
				TARGETED_DEVICE_FAMILY = "1,2";
				VALIDATE_PRODUCT = YES;
			};
			name = Release;
		};
		22EFFE091BADC11800E28ACB /* Debug */ = {
			isa = XCBuildConfiguration;
			baseConfigurationReference = 6EE31DEC5172B73AABFD04F9 /* Pods-Instasite.debug.xcconfig */;
			buildSettings = {
				ASSETCATALOG_COMPILER_APPICON_NAME = AppIcon;
				CLANG_ENABLE_MODULES = YES;
				INFOPLIST_FILE = Instasite/Info.plist;
				LD_RUNPATH_SEARCH_PATHS = "$(inherited) @executable_path/Frameworks";
				PRODUCT_BUNDLE_IDENTIFIER = com.instasite.Instasite;
				PRODUCT_NAME = "$(TARGET_NAME)";
				SWIFT_OPTIMIZATION_LEVEL = "-Onone";
			};
			name = Debug;
		};
		22EFFE0A1BADC11800E28ACB /* Release */ = {
			isa = XCBuildConfiguration;
			baseConfigurationReference = A42CA43213D7E88DB56F5FD1 /* Pods-Instasite.release.xcconfig */;
			buildSettings = {
				ASSETCATALOG_COMPILER_APPICON_NAME = AppIcon;
				CLANG_ENABLE_MODULES = YES;
				INFOPLIST_FILE = Instasite/Info.plist;
				LD_RUNPATH_SEARCH_PATHS = "$(inherited) @executable_path/Frameworks";
				PRODUCT_BUNDLE_IDENTIFIER = com.instasite.Instasite;
				PRODUCT_NAME = "$(TARGET_NAME)";
			};
			name = Release;
		};
		22EFFE0C1BADC11800E28ACB /* Debug */ = {
			isa = XCBuildConfiguration;
			buildSettings = {
				BUNDLE_LOADER = "$(TEST_HOST)";
				INFOPLIST_FILE = InstasiteTests/Info.plist;
				LD_RUNPATH_SEARCH_PATHS = "$(inherited) @executable_path/Frameworks @loader_path/Frameworks";
				PRODUCT_BUNDLE_IDENTIFIER = com.instasite.InstasiteTests;
				PRODUCT_NAME = "$(TARGET_NAME)";
				TEST_HOST = "$(BUILT_PRODUCTS_DIR)/Instasite.app/Instasite";
			};
			name = Debug;
		};
		22EFFE0D1BADC11800E28ACB /* Release */ = {
			isa = XCBuildConfiguration;
			buildSettings = {
				BUNDLE_LOADER = "$(TEST_HOST)";
				INFOPLIST_FILE = InstasiteTests/Info.plist;
				LD_RUNPATH_SEARCH_PATHS = "$(inherited) @executable_path/Frameworks @loader_path/Frameworks";
				PRODUCT_BUNDLE_IDENTIFIER = com.instasite.InstasiteTests;
				PRODUCT_NAME = "$(TARGET_NAME)";
				TEST_HOST = "$(BUILT_PRODUCTS_DIR)/Instasite.app/Instasite";
			};
			name = Release;
		};
		22EFFE0F1BADC11800E28ACB /* Debug */ = {
			isa = XCBuildConfiguration;
			buildSettings = {
				INFOPLIST_FILE = InstasiteUITests/Info.plist;
				LD_RUNPATH_SEARCH_PATHS = "$(inherited) @executable_path/Frameworks @loader_path/Frameworks";
				PRODUCT_BUNDLE_IDENTIFIER = com.instasite.InstasiteUITests;
				PRODUCT_NAME = "$(TARGET_NAME)";
				TEST_TARGET_NAME = Instasite;
				USES_XCTRUNNER = YES;
			};
			name = Debug;
		};
		22EFFE101BADC11800E28ACB /* Release */ = {
			isa = XCBuildConfiguration;
			buildSettings = {
				INFOPLIST_FILE = InstasiteUITests/Info.plist;
				LD_RUNPATH_SEARCH_PATHS = "$(inherited) @executable_path/Frameworks @loader_path/Frameworks";
				PRODUCT_BUNDLE_IDENTIFIER = com.instasite.InstasiteUITests;
				PRODUCT_NAME = "$(TARGET_NAME)";
				TEST_TARGET_NAME = Instasite;
				USES_XCTRUNNER = YES;
			};
			name = Release;
		};
/* End XCBuildConfiguration section */

/* Begin XCConfigurationList section */
		22EFFDD61BADC11800E28ACB /* Build configuration list for PBXProject "Instasite" */ = {
			isa = XCConfigurationList;
			buildConfigurations = (
				22EFFE061BADC11800E28ACB /* Debug */,
				22EFFE071BADC11800E28ACB /* Release */,
			);
			defaultConfigurationIsVisible = 0;
			defaultConfigurationName = Release;
		};
		22EFFE081BADC11800E28ACB /* Build configuration list for PBXNativeTarget "Instasite" */ = {
			isa = XCConfigurationList;
			buildConfigurations = (
				22EFFE091BADC11800E28ACB /* Debug */,
				22EFFE0A1BADC11800E28ACB /* Release */,
			);
			defaultConfigurationIsVisible = 0;
			defaultConfigurationName = Release;
		};
		22EFFE0B1BADC11800E28ACB /* Build configuration list for PBXNativeTarget "InstasiteTests" */ = {
			isa = XCConfigurationList;
			buildConfigurations = (
				22EFFE0C1BADC11800E28ACB /* Debug */,
				22EFFE0D1BADC11800E28ACB /* Release */,
			);
			defaultConfigurationIsVisible = 0;
			defaultConfigurationName = Release;
		};
		22EFFE0E1BADC11800E28ACB /* Build configuration list for PBXNativeTarget "InstasiteUITests" */ = {
			isa = XCConfigurationList;
			buildConfigurations = (
				22EFFE0F1BADC11800E28ACB /* Debug */,
				22EFFE101BADC11800E28ACB /* Release */,
			);
			defaultConfigurationIsVisible = 0;
			defaultConfigurationName = Release;
		};
/* End XCConfigurationList section */
	};
	rootObject = 22EFFDD31BADC11800E28ACB /* Project object */;
}
